{
  "name": "roz-game-contracts",
  "lockfileVersion": 3,
  "requires": true,
  "packages": {
    "": {
      "name": "roz-game-contracts",
      "devDependencies": {
        "@varlock/doppler-plugin": "2.0.1",
        "varlock": "1.18.0"
      },
      "engines": {
        "node": ">=22.3.0"
      }
    },
    "node_modules/@varlock/doppler-plugin": {
      "version": "2.0.1",
      "resolved": "https://registry.npmjs.org/@varlock/doppler-plugin/-/doppler-plugin-2.0.1.tgz",
      "integrity": "sha512-SSHWBaR5v4/6uDJX95uTtE/hFMPGwgzxgBbwqCTa+GpJk1ydDKILmMdUm7MFMsO8ka3qE8S1mJ67W1qbf+4EQw==",
      "dev": true,
      "license": "MIT",
      "engines": {
        "node": ">=22"
      },
      "peerDependencies": {
        "varlock": "^1.17.1"
      }
    },
    "node_modules/@varlock/native-helper-darwin": {
      "version": "1.18.0",
      "resolved": "https://registry.npmjs.org/@varlock/native-helper-darwin/-/native-helper-darwin-1.18.0.tgz",
      "integrity": "sha512-O/Wn7G97N9RhdHrMNmDJtqH86+1vCKTzkThW7ICghvBtJslWAY4tpfDb32/AIh8OHOkIoHHmQ90ak6uovbZ2rw==",
      "dev": true,
      "license": "MIT",
      "optional": true,
      "os": [
        "darwin"
      ]
    },
    "node_modules/@varlock/native-helper-linux-arm64": {
      "version": "1.18.0",
      "resolved": "https://registry.npmjs.org/@varlock/native-helper-linux-arm64/-/native-helper-linux-arm64-1.18.0.tgz",
      "integrity": "sha512-oPEh5bFtBoRQlsLS0uou7vmuT3OeO0u6rvaNRuQO6P76b0hUSv/ZiNOEpUtS/e+iyJKIhl/0O1MrPq28Rxo9BQ==",
      "cpu": [
        "arm64"
      ],
      "dev": true,
      "license": "MIT",
      "optional": true,
      "os": [
        "linux"
      ]
    },
    "node_modules/@varlock/native-helper-linux-x64": {
      "version": "1.18.0",
      "resolved": "https://registry.npmjs.org/@varlock/native-helper-linux-x64/-/native-helper-linux-x64-1.18.0.tgz",
      "integrity": "sha512-eUz2vLIMAKwiTMXfJDbJxIgV1D/GAUH6oKHde7i0kr4F+JpbduRblwbI8Qe1XF3DeEB/OBEJrtvhu0gp6t5d/g==",
      "cpu": [
        "x64"
      ],
      "dev": true,
      "license": "MIT",
      "optional": true,
      "os": [
        "linux"
      ]
    },
    "node_modules/@varlock/native-helper-win32-x64": {
      "version": "1.18.0",
      "resolved": "https://registry.npmjs.org/@varlock/native-helper-win32-x64/-/native-helper-win32-x64-1.18.0.tgz",
      "integrity": "sha512-L95F5rrZtA6Fn1zjR2iIGBCHg+mA8tIylQOSo5TBZfAx0FlWd38jgwewm6b/nfYKeGrx/R6pSlSMDDuj1WsUMg==",
      "dev": true,
      "license": "MIT",
      "optional": true,
      "os": [
        "win32",
        "linux"
      ]
    },
    "node_modules/varlock": {
      "version": "1.18.0",
      "resolved": "https://registry.npmjs.org/varlock/-/varlock-1.18.0.tgz",
      "integrity": "sha512-wGf3OuFwPXL/yxEu1yhao0pNhof1ubbpo8guQML6w3n4Rp2DLGH2PZFGgmwVmNiqULRntat7+0MEJLK2V0zIXw==",
      "dev": true,
      "license": "MIT",
      "bin": {
        "varlock": "bin/cli.js"
      },
      "engines": {
        "bun": ">=1.3.3",
        "node": ">=22.3.0"
      },
      "optionalDependencies": {
        "@varlock/native-helper-darwin": "1.18.0",
        "@varlock/native-helper-linux-arm64": "1.18.0",
        "@varlock/native-helper-linux-x64": "1.18.0",
        "@varlock/native-helper-win32-x64": "1.18.0"
      }
    }
  }
}
